{
  "requires": true,
  "lockfileVersion": 1,
  "dependencies": {
    "classnames": {
      "version": "2.2.6",
      "resolved": "https://registry.npmjs.org/classnames/-/classnames-2.2.6.tgz",
      "integrity": "sha512-JR/iSQOSt+LQIWwrwEzJ9uk0xfN3mTVYMwt1Ir5mUcSN6pU+V4zQFFaJsclJbPuAUQH+yfWef6tm7l1quW3C8Q=="
    },
    "react-device-simulator": {
      "version": "1.0.1",
      "resolved": "https://registry.npmjs.org/react-device-simulator/-/react-device-simulator-1.0.1.tgz",
      "integrity": "sha512-FOpVhd6YOcHy+2vngnMhasAj0VioMZ9uFcIY/aSVLX6ntfut1E8ZLcsqWZpSH0OeaE+0bs8ng6Mb4jHjV9gltQ==",
      "requires": {
        "classnames": "^2.2.5",
        "react-frame-component": "^3.0.0"
      }
    },
    "react-frame-component": {
      "version": "3.0.0",
      "resolved": "https://registry.npmjs.org/react-frame-component/-/react-frame-component-3.0.0.tgz",
      "integrity": "sha512-G7p+EvtQJkygsprE958byu1/niF1uczRXhaenxruZ65VgFEoj7Vd1pLpuradYkAqqoR74KO7yuFcxaiqgAjE8g=="
    }
  }
}
